
Microsoft Visual Studio Solution File, Format Version 12.00
# Visual Studio 15
VisualStudioVersion = 15.0.28010.0
MinimumVisualStudioVersion = 10.0.40219.1
Project("{9A19103F-16F7-4668-BE54-9A1E7A4F7556}") = "etcdclientv3", "etcdclientv3\etcdclientv3.csproj", "{864B9DD1-1256-41D2-91D2-C957963C61E1}"
EndProject
Project("{9A19103F-16F7-4668-BE54-9A1E7A4F7556}") = "etcdgrpc", "Public\etcdgrpc.csproj", "{F6E10A7F-65EF-4D88-BB84-4AB47BE59251}"
EndProject
Project("{FAE04EC0-301F-11D3-BF4B-00C04F79EFBC}") = "Client", "Client\Client.csproj", "{A7DD1031-D00B-490B-9249-D8B8E5426BE1}"
EndProject
Global
	GlobalSection(SolutionConfigurationPlatforms) = preSolution
		Debug|Any CPU = Debug|Any CPU
		Release|Any CPU = Release|Any CPU
	EndGlobalSection
	GlobalSection(ProjectConfigurationPlatforms) = postSolution
		{864B9DD1-1256-41D2-91D2-C957963C61E1}.Debug|Any CPU.ActiveCfg = Debug|Any CPU
		{864B9DD1-1256-41D2-91D2-C957963C61E1}.Debug|Any CPU.Build.0 = Debug|Any CPU
		{864B9DD1-1256-41D2-91D2-C957963C61E1}.Release|Any CPU.ActiveCfg = Release|Any CPU
		{864B9DD1-1256-41D2-91D2-C957963C61E1}.Release|Any CPU.Build.0 = Release|Any CPU
		{F6E10A7F-65EF-4D88-BB84-4AB47BE59251}.Debug|Any CPU.ActiveCfg = Debug|Any CPU
		{F6E10A7F-65EF-4D88-BB84-4AB47BE59251}.Debug|Any CPU.Build.0 = Debug|Any CPU
		{F6E10A7F-65EF-4D88-BB84-4AB47BE59251}.Release|Any CPU.ActiveCfg = Release|Any CPU
		{F6E10A7F-65EF-4D88-BB84-4AB47BE59251}.Release|Any CPU.Build.0 = Release|Any CPU
		{A7DD1031-D00B-490B-9249-D8B8E5426BE1}.Debug|Any CPU.ActiveCfg = Debug|Any CPU
		{A7DD1031-D00B-490B-9249-D8B8E5426BE1}.Debug|Any CPU.Build.0 = Debug|Any CPU
		{A7DD1031-D00B-490B-9249-D8B8E5426BE1}.Release|Any CPU.ActiveCfg = Release|Any CPU
		{A7DD1031-D00B-490B-9249-D8B8E5426BE1}.Release|Any CPU.Build.0 = Release|Any CPU
	EndGlobalSection
	GlobalSection(SolutionProperties) = preSolution
		HideSolutionNode = FALSE
	EndGlobalSection
	GlobalSection(ExtensibilityGlobals) = postSolution
		SolutionGuid = {F6F74162-5A2C-4178-B906-A4AD79131A1E}
	EndGlobalSection
EndGlobal
